// !$*UTF8*$!
{
	archiveVersion = 1;
	classes = {
	};
	objectVersion = 50;
	objects = {

/* Begin PBXBuildFile section */
		9320D10C26BAB77600FF1C97 /* Info.plist in Resources */ = {isa = PBXBuildFile; fileRef = 93807E1C26B021B30057404A /* Info.plist */; };
		93807E0F26B021AF0057404A /* AppDelegate.swift in Sources */ = {isa = PBXBuildFile; fileRef = 93807E0E26B021AF0057404A /* AppDelegate.swift */; };
		93807E1126B021AF0057404A /* SceneDelegate.swift in Sources */ = {isa = PBXBuildFile; fileRef = 93807E1026B021AF0057404A /* SceneDelegate.swift */; };
		93807E1326B021AF0057404A /* ViewController.swift in Sources */ = {isa = PBXBuildFile; fileRef = 93807E1226B021AF0057404A /* ViewController.swift */; };
		93807E1626B021AF0057404A /* Main.storyboard in Resources */ = {isa = PBXBuildFile; fileRef = 93807E1426B021AF0057404A /* Main.storyboard */; };
		93807E1826B021B30057404A /* Assets.xcassets in Resources */ = {isa = PBXBuildFile; fileRef = 93807E1726B021B30057404A /* Assets.xcassets */; };
		93807E1B26B021B30057404A /* LaunchScreen.storyboard in Resources */ = {isa = PBXBuildFile; fileRef = 93807E1926B021B30057404A /* LaunchScreen.storyboard */; };
		93807E2526B022100057404A /* ThirstySoftRegular.otf in Resources */ = {isa = PBXBuildFile; fileRef = 93807E2426B022100057404A /* ThirstySoftRegular.otf */; };
		93807E2826B022180057404A /* Delm-Medium.otf in Resources */ = {isa = PBXBuildFile; fileRef = 93807E2726B022180057404A /* Delm-Medium.otf */; };
/* End PBXBuildFile section */

/* Begin PBXFileReference section */
		93807E0B26B021AF0057404A /* INSTAGRID1.0.1.app */ = {isa = PBXFileReference; explicitFileType = wrapper.application; includeInIndex = 0; path = INSTAGRID1.0.1.app; sourceTree = BUILT_PRODUCTS_DIR; };
		93807E0E26B021AF0057404A /* AppDelegate.swift */ = {isa = PBXFileReference; lastKnownFileType = sourcecode.swift; path = AppDelegate.swift; sourceTree = "<group>"; };
		93807E1026B021AF0057404A /* SceneDelegate.swift */ = {isa = PBXFileReference; lastKnownFileType = sourcecode.swift; path = SceneDelegate.swift; sourceTree = "<group>"; };
		93807E1226B021AF0057404A /* ViewController.swift */ = {isa = PBXFileReference; lastKnownFileType = sourcecode.swift; path = ViewController.swift; sourceTree = "<group>"; };
		93807E1526B021AF0057404A /* Base */ = {isa = PBXFileReference; lastKnownFileType = file.storyboard; name = Base; path = Base.lproj/Main.storyboard; sourceTree = "<group>"; };
		93807E1726B021B30057404A /* Assets.xcassets */ = {isa = PBXFileReference; lastKnownFileType = folder.assetcatalog; path = Assets.xcassets; sourceTree = "<group>"; };
		93807E1A26B021B30057404A /* Base */ = {isa = PBXFileReference; lastKnownFileType = file.storyboard; name = Base; path = Base.lproj/LaunchScreen.storyboard; sourceTree = "<group>"; };
		93807E1C26B021B30057404A /* Info.plist */ = {isa = PBXFileReference; lastKnownFileType = text.plist.xml; path = Info.plist; sourceTree = "<group>"; };
		93807E2426B022100057404A /* ThirstySoftRegular.otf */ = {isa = PBXFileReference; lastKnownFileType = file; path = ThirstySoftRegular.otf; sourceTree = "<group>"; };
		93807E2726B022180057404A /* Delm-Medium.otf */ = {isa = PBXFileReference; lastKnownFileType = file; path = "Delm-Medium.otf"; sourceTree = "<group>"; };
/* End PBXFileReference section */

/* Begin PBXFrameworksBuildPhase section */
		93807E0826B021AF0057404A /* Frameworks */ = {
			isa = PBXFrameworksBuildPhase;
			buildActionMask = 2147483647;
			files = (
			);
			runOnlyForDeploymentPostprocessing = 0;
		};
/* End PBXFrameworksBuildPhase section */

/* Begin PBXGroup section */
		93807E0226B021AF0057404A = {
			isa = PBXGroup;
			children = (
				93807E0D26B021AF0057404A /* INSTAGRID1.0.1 */,
				93807E0C26B021AF0057404A /* Products */,
			);
			sourceTree = "<group>";
		};
		93807E0C26B021AF0057404A /* Products */ = {
			isa = PBXGroup;
			children = (
				93807E0B26B021AF0057404A /* INSTAGRID1.0.1.app */,
			);
			name = Products;
			sourceTree = "<group>";
		};
		93807E0D26B021AF0057404A /* INSTAGRID1.0.1 */ = {
			isa = PBXGroup;
			children = (
				93807E0E26B021AF0057404A /* AppDelegate.swift */,
				93807E1026B021AF0057404A /* SceneDelegate.swift */,
				93807E1226B021AF0057404A /* ViewController.swift */,
				93807E1426B021AF0057404A /* Main.storyboard */,
				93807E1726B021B30057404A /* Assets.xcassets */,
				93807E1926B021B30057404A /* LaunchScreen.storyboard */,
				93807E1C26B021B30057404A /* Info.plist */,
				93807E2426B022100057404A /* ThirstySoftRegular.otf */,
				93807E2726B022180057404A /* Delm-Medium.otf */,
			);
			path = INSTAGRID1.0.1;
			sourceTree = "<group>";
		};
/* End PBXGroup section */

/* Begin PBXNativeTarget section */
		93807E0A26B021AF0057404A /* INSTAGRID1.0.1 */ = {
			isa = PBXNativeTarget;
			buildConfigurationList = 93807E1F26B021B30057404A /* Build configuration list for PBXNativeTarget "INSTAGRID1.0.1" */;
			buildPhases = (
				93807E0726B021AF0057404A /* Sources */,
				93807E0826B021AF0057404A /* Frameworks */,
				93807E0926B021AF0057404A /* Resources */,
			);
			buildRules = (
			);
			dependencies = (
			);
			name = INSTAGRID1.0.1;
			productName = INSTAGRID1.0.1;
			productReference = 93807E0B26B021AF0057404A /* INSTAGRID1.0.1.app */;
			productType = "com.apple.product-type.application";
		};
/* End PBXNativeTarget section */

/* Begin PBXProject section */
		93807E0326B021AF0057404A /* Project object */ = {
			isa = PBXProject;
			attributes = {
				LastSwiftUpdateCheck = 1240;
				LastUpgradeCheck = 1240;
				TargetAttributes = {
					93807E0A26B021AF0057404A = {
						CreatedOnToolsVersion = 12.4;
					};
				};
			};
			buildConfigurationList = 93807E0626B021AF0057404A /* Build configuration list for PBXProject "INSTAGRID1.0.1" */;
			compatibilityVersion = "Xcode 9.3";
			developmentRegion = en;
			hasScannedForEncodings = 0;
			knownRegions = (
				en,
				Base,
			);
			mainGroup = 93807E0226B021AF0057404A;
			productRefGroup = 93807E0C26B021AF0057404A /* Products */;
			projectDirPath = "";
			projectRoot = "";
			targets = (
				93807E0A26B021AF0057404A /* INSTAGRID1.0.1 */,
			);
		};
/* End PBXProject section */

/* Begin PBXResourcesBuildPhase section */
		93807E0926B021AF0057404A /* Resources */ = {
			isa = PBXResourcesBuildPhase;
			buildActionMask = 2147483647;
			files = (
				93807E1B26B021B30057404A /* LaunchScreen.storyboard in Resources */,
				93807E2826B022180057404A /* Delm-Medium.otf in Resources */,
				9320D10C26BAB77600FF1C97 /* Info.plist in Resources */,
				93807E1826B021B30057404A /* Assets.xcassets in Resources */,
				93807E2526B022100057404A /* ThirstySoftRegular.otf in Resources */,
				93807E1626B021AF0057404A /* Main.storyboard in Resources */,
			);
			runOnlyForDeploymentPostprocessing = 0;
		};
/* End PBXResourcesBuildPhase section */

/* Begin PBXSourcesBuildPhase section */
		93807E0726B021AF0057404A /* Sources */ = {
			isa = PBXSourcesBuildPhase;
			buildActionMask = 2147483647;
			files = (
				93807E1326B021AF0057404A /* ViewController.swift in Sources */,
				93807E0F26B021AF0057404A /* AppDelegate.swift in Sources */,
				93807E1126B021AF0057404A /* SceneDelegate.swift in Sources */,
			);
			runOnlyForDeploymentPostprocessing = 0;
		};
/* End PBXSourcesBuildPhase section */

/* Begin PBXVariantGroup section */
		93807E1426B021AF0057404A /* Main.storyboard */ = {
			isa = PBXVariantGroup;
			children = (
				93807E1526B021AF0057404A /* Base */,
			);
			name = Main.storyboard;
			sourceTree = "<group>";
		};
		93807E1926B021B30057404A /* LaunchScreen.storyboard */ = {
			isa = PBXVariantGroup;
			children = (
				93807E1A26B021B30057404A /* Base */,
			);
			name = LaunchScreen.storyboard;
			sourceTree = "<group>";
		};
/* End PBXVariantGroup section */

/* Begin XCBuildConfiguration section */
		93807E1D26B021B30057404A /* Debug */ = {
			isa = XCBuildConfiguration;
			buildSettings = {
				ALWAYS_SEARCH_USER_PATHS = NO;
				CLANG_ANALYZER_NONNULL = YES;
				CLANG_ANALYZER_NUMBER_OBJECT_CONVERSION = YES_AGGRESSIVE;
				CLANG_CXX_LANGUAGE_STANDARD = "gnu++14";
				CLANG_CXX_LIBRARY = "libc++";
				CLANG_ENABLE_MODULES = YES;
				CLANG_ENABLE_OBJC_ARC = YES;
				CLANG_ENABLE_OBJC_WEAK = YES;
				CLANG_WARN_BLOCK_CAPTURE_AUTORELEASING = YES;
				CLANG_WARN_BOOL_CONVERSION = YES;
				CLANG_WARN_COMMA = YES;
				CLANG_WARN_CONSTANT_CONVERSION = YES;
				CLANG_WARN_DEPRECATED_OBJC_IMPLEMENTATIONS = YES;
				CLANG_WARN_DIRECT_OBJC_ISA_USAGE = YES_ERROR;
				CLANG_WARN_DOCUMENTATION_COMMENTS = YES;
				CLANG_WARN_EMPTY_BODY = YES;
				CLANG_WARN_ENUM_CONVERSION = YES;
				CLANG_WARN_INFINITE_RECURSION = YES;
				CLANG_WARN_INT_CONVERSION = YES;
				CLANG_WARN_NON_LITERAL_NULL_CONVERSION = YES;
				CLANG_WARN_OBJC_IMPLICIT_RETAIN_SELF = YES;
				CLANG_WARN_OBJC_LITERAL_CONVERSION = YES;
				CLANG_WARN_OBJC_ROOT_CLASS = YES_ERROR;
				CLANG_WARN_QUOTED_INCLUDE_IN_FRAMEWORK_HEADER = YES;
				CLANG_WARN_RANGE_LOOP_ANALYSIS = YES;
				CLANG_WARN_STRICT_PROTOTYPES = YES;
				CLANG_WARN_SUSPICIOUS_MOVE = YES;
				CLANG_WARN_UNGUARDED_AVAILABILITY = YES_AGGRESSIVE;
				CLANG_WARN_UNREACHABLE_CODE = YES;
				CLANG_WARN__DUPLICATE_METHOD_MATCH = YES;
				COPY_PHASE_STRIP = NO;
				DEBUG_INFORMATION_FORMAT = dwarf;
				ENABLE_STRICT_OBJC_MSGSEND = YES;
				ENABLE_TESTABILITY = YES;
				GCC_C_LANGUAGE_STANDARD = gnu11;
				GCC_DYNAMIC_NO_PIC = NO;
				GCC_NO_COMMON_BLOCKS = YES;
				GCC_OPTIMIZATION_LEVEL = 0;
				GCC_PREPROCESSOR_DEFINITIONS = (
					"DEBUG=1",
					"$(inherited)",
				);
				GCC_WARN_64_TO_32_BIT_CONVERSION = YES;
				GCC_WARN_ABOUT_RETURN_TYPE = YES_ERROR;
				GCC_WARN_UNDECLARED_SELECTOR = YES;
				GCC_WARN_UNINITIALIZED_AUTOS = YES_AGGRESSIVE;
				GCC_WARN_UNUSED_FUNCTION = YES;
				GCC_WARN_UNUSED_VARIABLE = YES;
				IPHONEOS_DEPLOYMENT_TARGET = 14.4;
				MTL_ENABLE_DEBUG_INFO = INCLUDE_SOURCE;
				MTL_FAST_MATH = YES;
				ONLY_ACTIVE_ARCH = YES;
				SDKROOT = iphoneos;
				SWIFT_ACTIVE_COMPILATION_CONDITIONS = DEBUG;
				SWIFT_OPTIMIZATION_LEVEL = "-Onone";
			};
			name = Debug;
		};
		93807E1E26B021B30057404A /* Release */ = {
			isa = XCBuildConfiguration;
			buildSettings = {
				ALWAYS_SEARCH_USER_PATHS = NO;
				CLANG_ANALYZER_NONNULL = YES;
				CLANG_ANALYZER_NUMBER_OBJECT_CONVERSION = YES_AGGRESSIVE;
				CLANG_CXX_LANGUAGE_STANDARD = "gnu++14";
				CLANG_CXX_LIBRARY = "libc++";
				CLANG_ENABLE_MODULES = YES;
				CLANG_ENABLE_OBJC_ARC = YES;
				CLANG_ENABLE_OBJC_WEAK = YES;
				CLANG_WARN_BLOCK_CAPTURE_AUTORELEASING = YES;
				CLANG_WARN_BOOL_CONVERSION = YES;
				CLANG_WARN_COMMA = YES;
				CLANG_WARN_CONSTANT_CONVERSION = YES;
				CLANG_WARN_DEPRECATED_OBJC_IMPLEMENTATIONS = YES;
				CLANG_WARN_DIRECT_OBJC_ISA_USAGE = YES_ERROR;
				CLANG_WARN_DOCUMENTATION_COMMENTS = YES;
				CLANG_WARN_EMPTY_BODY = YES;
				CLANG_WARN_ENUM_CONVERSION = YES;
				CLANG_WARN_INFINITE_RECURSION = YES;
				CLANG_WARN_INT_CONVERSION = YES;
				CLANG_WARN_NON_LITERAL_NULL_CONVERSION = YES;
				CLANG_WARN_OBJC_IMPLICIT_RETAIN_SELF = YES;
				CLANG_WARN_OBJC_LITERAL_CONVERSION = YES;
				CLANG_WARN_OBJC_ROOT_CLASS = YES_ERROR;
				CLANG_WARN_QUOTED_INCLUDE_IN_FRAMEWORK_HEADER = YES;
				CLANG_WARN_RANGE_LOOP_ANALYSIS = YES;
				CLANG_WARN_STRICT_PROTOTYPES = YES;
				CLANG_WARN_SUSPICIOUS_MOVE = YES;
				CLANG_WARN_UNGUARDED_AVAILABILITY = YES_AGGRESSIVE;
				CLANG_WARN_UNREACHABLE_CODE = YES;
				CLANG_WARN__DUPLICATE_METHOD_MATCH = YES;
				COPY_PHASE_STRIP = NO;
				DEBUG_INFORMATION_FORMAT = "dwarf-with-dsym";
				ENABLE_NS_ASSERTIONS = NO;
				ENABLE_STRICT_OBJC_MSGSEND = YES;
				GCC_C_LANGUAGE_STANDARD = gnu11;
				GCC_NO_COMMON_BLOCKS = YES;
				GCC_WARN_64_TO_32_BIT_CONVERSION = YES;
				GCC_WARN_ABOUT_RETURN_TYPE = YES_ERROR;
				GCC_WARN_UNDECLARED_SELECTOR = YES;
				GCC_WARN_UNINITIALIZED_AUTOS = YES_AGGRESSIVE;
				GCC_WARN_UNUSED_FUNCTION = YES;
				GCC_WARN_UNUSED_VARIABLE = YES;
				IPHONEOS_DEPLOYMENT_TARGET = 14.4;
				MTL_ENABLE_DEBUG_INFO = NO;
				MTL_FAST_MATH = YES;
				SDKROOT = iphoneos;
				SWIFT_COMPILATION_MODE = wholemodule;
				SWIFT_OPTIMIZATION_LEVEL = "-O";
				VALIDATE_PRODUCT = YES;
			};
			name = Release;
		};
		93807E2026B021B30057404A /* Debug */ = {
			isa = XCBuildConfiguration;
			buildSettings = {
				ASSETCATALOG_COMPILER_APPICON_NAME = AppIcon;
				ASSETCATALOG_COMPILER_GLOBAL_ACCENT_COLOR_NAME = AccentColor;
				CODE_SIGN_STYLE = Automatic;
				DEVELOPMENT_TEAM = THWH45D288;
				INFOPLIST_FILE = INSTAGRID1.0.1/Info.plist;
				IPHONEOS_DEPLOYMENT_TARGET = 11.0;
				LD_RUNPATH_SEARCH_PATHS = (
					"$(inherited)",
					"@executable_path/Frameworks",
				);
				PRODUCT_BUNDLE_IDENTIFIER = "Lawax.INSTAGRID1-0-1";
				PRODUCT_NAME = "$(TARGET_NAME)";
				SWIFT_VERSION = 5.0;
				TARGETED_DEVICE_FAMILY = 1;
			};
			name = Debug;
		};
		93807E2126B021B30057404A /* Release */ = {
			isa = XCBuildConfiguration;
			buildSettings = {
				ASSETCATALOG_COMPILER_APPICON_NAME = AppIcon;
				ASSETCATALOG_COMPILER_GLOBAL_ACCENT_COLOR_NAME = AccentColor;
				CODE_SIGN_STYLE = Automatic;
				DEVELOPMENT_TEAM = THWH45D288;
				INFOPLIST_FILE = INSTAGRID1.0.1/Info.plist;
				IPHONEOS_DEPLOYMENT_TARGET = 11.0;
				LD_RUNPATH_SEARCH_PATHS = (
					"$(inherited)",
					"@executable_path/Frameworks",
				);
				PRODUCT_BUNDLE_IDENTIFIER = "Lawax.INSTAGRID1-0-1";
				PRODUCT_NAME = "$(TARGET_NAME)";
				SWIFT_VERSION = 5.0;
				TARGETED_DEVICE_FAMILY = 1;
			};
			name = Release;
		};
/* End XCBuildConfiguration section */

/* Begin XCConfigurationList section */
		93807E0626B021AF0057404A /* Build configuration list for PBXProject "INSTAGRID1.0.1" */ = {
			isa = XCConfigurationList;
			buildConfigurations = (
				93807E1D26B021B30057404A /* Debug */,
				93807E1E26B021B30057404A /* Release */,
			);
			defaultConfigurationIsVisible = 0;
			defaultConfigurationName = Release;
		};
		93807E1F26B021B30057404A /* Build configuration list for PBXNativeTarget "INSTAGRID1.0.1" */ = {
			isa = XCConfigurationList;
			buildConfigurations = (
				93807E2026B021B30057404A /* Debug */,
				93807E2126B021B30057404A /* Release */,
			);
			defaultConfigurationIsVisible = 0;
			defaultConfigurationName = Release;
		};
/* End XCConfigurationList section */
	};
	rootObject = 93807E0326B021AF0057404A /* Project object */;
}
